<?xml version="1.0" encoding="utf-8"?>
<Project ToolsVersion="4.0" xmlns="http://schemas.microsoft.com/developer/msbuild/2003">
  <ItemGroup>
    <Filter Include="Source Files">
      <UniqueIdentifier>{4FC737F1-C7A5-4376-A066-2A32D752A2FF}</UniqueIdentifier>
      <Extensions>cpp;c;cc;cxx;def;odl;idl;hpj;bat;asm;asmx</Extensions>
    </Filter>
    <Filter Include="Resource Files">
      <UniqueIdentifier>{67DA6AB6-F800-4c08-8B7A-83BB121AAD01}</UniqueIdentifier>
      <Extensions>rc;ico;cur;bmp;dlg;rc2;rct;bin;rgs;gif;jpg;jpeg;jpe;resx;tiff;tif;png;wav;mfcribbon-ms</Extensions>
    </Filter>
    <Filter Include="Source Files\Helper">
      <UniqueIdentifier>{180a1e5e-682a-4b7d-9593-757246fb0362}</UniqueIdentifier>
    </Filter>
    <Filter Include="Source Files\Solutions">
      <UniqueIdentifier>{07e3649f-4be2-414c-9815-9b13689bea07}</UniqueIdentifier>
    </Filter>
  </ItemGroup>
  <ItemGroup>
    <Text Include="ReadMe.txt" />
  </ItemGroup>
  <ItemGroup>
    <ClCompile Include="TurboAwesomeRound2.cpp">
      <Filter>Source Files</Filter>
    </ClCompile>
    <ClCompile Include="Helper.cpp">
      <Filter>Source Files\Helper</Filter>
    </ClCompile>
    <ClCompile Include="TextQueryProblem.cpp">
      <Filter>Source Files\Solutions</Filter>
    </ClCompile>
    <ClCompile Include="..\..\..\..\%40SOFTWARE\GitHub\turbo-competition-helper-repo\TurboAwesomeRound2\Sudoku.cpp">
      <Filter>Source Files\Solutions</Filter>
    </ClCompile>
  </ItemGroup>
  <ItemGroup>
    <ClInclude Include="Helper.h">
      <Filter>Source Files\Helper</Filter>
    </ClInclude>
    <ClInclude Include="resource.h" />
    <ClInclude Include="TextQueryProblem.h">
      <Filter>Source Files\Solutions</Filter>
    </ClInclude>
    <ClInclude Include="..\..\..\..\%40SOFTWARE\GitHub\turbo-competition-helper-repo\TurboAwesomeRound2\Sudoku.h">
      <Filter>Source Files\Solutions</Filter>
    </ClInclude>
    <ClInclude Include="..\..\..\..\%40SOFTWARE\GitHub\turbo-competition-helper-repo\TurboAwesomeRound2\HelperNameHack.h">
      <Filter>Source Files\Helper</Filter>
    </ClInclude>
    <ClInclude Include="..\..\..\..\%40SOFTWARE\GitHub\turbo-competition-helper-repo\TurboAwesomeRound2\TurboDebug.h">
      <Filter>Source Files\Helper</Filter>
    </ClInclude>
  </ItemGroup>
  <ItemGroup>
    <ResourceCompile Include="TurboAwesomeRound2.rc">
      <Filter>Resource Files</Filter>
    </ResourceCompile>
  </ItemGroup>
</Project>